{
  "nodes": {
    "codex-src": {
      "flake": false,
      "locked": {
        "lastModified": 1765836497,
        "narHash": "sha256-6oVSscGpMcJGOJ90JuwmYe6HbFteoTdTPr2AGU84JzQ=",
        "owner": "openai",
        "repo": "codex",
        "rev": "1d20f6af48e49d4003b0322d7c3a6c7ee9509b04",
        "type": "github"
      },
      "original": {
        "owner": "openai",
        "ref": "rust-v0.73.0",
        "repo": "codex",
        "type": "github"
      }
    },
    "nixpkgs": {
      "locked": {
        "lastModified": 1765270179,
        "narHash": "sha256-g2a4MhRKu4ymR4xwo+I+auTknXt/+j37Lnf0Mvfl1rE=",
        "owner": "NixOS",
        "repo": "nixpkgs",
        "rev": "677fbe97984e7af3175b6c121f3c39ee5c8d62c9",
        "type": "github"
      },
      "original": {
        "owner": "NixOS",
        "ref": "nixpkgs-unstable",
        "repo": "nixpkgs",
        "type": "github"
      }
    },
    "root": {
      "inputs": {
        "codex-src": "codex-src",
        "nixpkgs": "nixpkgs"
      }
    }
  },
  "root": "root",
  "version": 7
}
