{
  "nodes": {
    "codex-src": {
      "flake": false,
      "locked": {
        "lastModified": 1763580164,
        "narHash": "sha256-VWvSMS7A8xi6n3RLvWphy8caqolYAaB51E9fyVb1ZNI=",
        "owner": "openai",
        "repo": "codex",
        "rev": "994ca5c30a6b766aa760592f57d8ae72725e8437",
        "type": "github"
      },
      "original": {
        "owner": "openai",
        "ref": "rust-v0.60.1",
        "repo": "codex",
        "type": "github"
      }
    },
    "nixpkgs": {
      "locked": {
        "lastModified": 1756636162,
        "narHash": "sha256-mBecwgUTWRgClJYqcF+y4O1bY8PQHqeDpB+zsAn+/zA=",
        "owner": "NixOS",
        "repo": "nixpkgs",
        "rev": "37ff64b7108517f8b6ba5705ee5085eac636a249",
        "type": "github"
      },
      "original": {
        "owner": "NixOS",
        "ref": "nixpkgs-unstable",
        "repo": "nixpkgs",
        "type": "github"
      }
    },
    "root": {
      "inputs": {
        "codex-src": "codex-src",
        "nixpkgs": "nixpkgs"
      }
    }
  },
  "root": "root",
  "version": 7
}
