{
  "nodes": {
    "codex-src": {
      "flake": false,
      "locked": {
        "lastModified": 1765249523,
        "narHash": "sha256-IO5bZOkMcpIB0751d9PV32C21CIFuZPa/p8tVmoNwuA=",
        "owner": "openai",
        "repo": "codex",
        "rev": "e51fbd14f9346fa47c088950c0ab0826f5a991a2",
        "type": "github"
      },
      "original": {
        "owner": "openai",
        "ref": "rust-v0.66.0",
        "repo": "codex",
        "type": "github"
      }
    },
    "nixpkgs": {
      "locked": {
        "lastModified": 1765270179,
        "narHash": "sha256-g2a4MhRKu4ymR4xwo+I+auTknXt/+j37Lnf0Mvfl1rE=",
        "owner": "NixOS",
        "repo": "nixpkgs",
        "rev": "677fbe97984e7af3175b6c121f3c39ee5c8d62c9",
        "type": "github"
      },
      "original": {
        "owner": "NixOS",
        "ref": "nixpkgs-unstable",
        "repo": "nixpkgs",
        "type": "github"
      }
    },
    "root": {
      "inputs": {
        "codex-src": "codex-src",
        "nixpkgs": "nixpkgs"
      }
    }
  },
  "root": "root",
  "version": 7
}
